<?xml version="1.0" encoding="utf-8"?>
<Project ToolsVersion="4.0" xmlns="http://schemas.microsoft.com/developer/msbuild/2003">
  <ItemGroup>
    <ClCompile Include="main.cpp" />
    <ClCompile Include="src\Engine\Graphic\Graphic.cpp">
      <Filter>Engine\Graphic</Filter>
    </ClCompile>
    <ClCompile Include="src\Engine\Graphic\GraphicPipeline.cpp">
      <Filter>Engine\Graphic</Filter>
    </ClCompile>
    <ClCompile Include="src\Engine\Application.cpp">
      <Filter>Engine</Filter>
    </ClCompile>
    <ClCompile Include="src\Engine\Graphic\VertexInfo.cpp">
      <Filter>Engine\Graphic</Filter>
    </ClCompile>
    <ClCompile Include="src\Engine\Misc\settings.cpp">
      <Filter>Engine\Misc</Filter>
    </ClCompile>
    <ClCompile Include="src\Engine\Level\LevelManager.cpp">
      <Filter>Engine\Level</Filter>
    </ClCompile>
    <ClCompile Include="src\Engine\Level\Level.cpp">
      <Filter>Engine\Level</Filter>
    </ClCompile>
    <ClCompile Include="src\Engine\Level\Object.cpp">
      <Filter>Engine\Level</Filter>
    </ClCompile>
    <ClCompile Include="src\Engine\Level\ObjectManager.cpp">
      <Filter>Engine\Level</Filter>
    </ClCompile>
    <ClCompile Include="include\imgui\imgui_impl_vulkan.cpp">
      <Filter>Dependency</Filter>
    </ClCompile>
    <ClCompile Include="include\imgui\imgui_tables.cpp">
      <Filter>Dependency</Filter>
    </ClCompile>
    <ClCompile Include="include\imgui\imgui_widgets.cpp">
      <Filter>Dependency</Filter>
    </ClCompile>
    <ClCompile Include="include\imgui\imgui.cpp">
      <Filter>Dependency</Filter>
    </ClCompile>
    <ClCompile Include="include\imgui\imgui_draw.cpp">
      <Filter>Dependency</Filter>
    </ClCompile>
    <ClCompile Include="include\imgui\imgui_impl_glfw.cpp">
      <Filter>Dependency</Filter>
    </ClCompile>
    <ClCompile Include="src\Engine\Graphic\Renderpass.cpp">
      <Filter>Engine\Graphic</Filter>
    </ClCompile>
    <ClCompile Include="src\Engine\Graphic\DescriptorSet.cpp">
      <Filter>Engine\Graphic</Filter>
    </ClCompile>
    <ClCompile Include="src\Engine\Graphic\Buffer.cpp">
      <Filter>Engine\Graphic</Filter>
    </ClCompile>
    <ClCompile Include="src\Engine\Graphic\Image.cpp">
      <Filter>Engine\Graphic</Filter>
    </ClCompile>
    <ClCompile Include="src\Engine\Input\Input.cpp">
      <Filter>Engine\Input</Filter>
    </ClCompile>
    <ClCompile Include="src\Engine\Graphic\Camera.cpp">
      <Filter>Engine\Graphic</Filter>
    </ClCompile>
    <ClCompile Include="src\Engine\Common\Transform.cpp">
      <Filter>Engine\Common</Filter>
    </ClCompile>
    <ClCompile Include="src\Engine\Graphic\Light.cpp">
      <Filter>Engine\Graphic</Filter>
    </ClCompile>
  </ItemGroup>
  <ItemGroup>
    <Filter Include="Engine">
      <UniqueIdentifier>{572e872f-964a-4607-8de7-227785b74a96}</UniqueIdentifier>
    </Filter>
    <Filter Include="Engine\Graphic">
      <UniqueIdentifier>{ac35b63d-6eb4-460e-8bbf-49d496743183}</UniqueIdentifier>
    </Filter>
    <Filter Include="Engine\Level">
      <UniqueIdentifier>{027039c0-d7dc-4e89-b2ac-0f915ffc1795}</UniqueIdentifier>
    </Filter>
    <Filter Include="Engine\Misc">
      <UniqueIdentifier>{e3fce082-6e65-4863-97a6-676f57d02ee7}</UniqueIdentifier>
    </Filter>
    <Filter Include="Dependency">
      <UniqueIdentifier>{2e43214e-900b-48a3-a56a-4ad8b8aafcc7}</UniqueIdentifier>
    </Filter>
    <Filter Include="Engine\Input">
      <UniqueIdentifier>{3028bd2b-8aa4-4e15-997b-8ee6f01ec60d}</UniqueIdentifier>
    </Filter>
    <Filter Include="Engine\Common">
      <UniqueIdentifier>{c5480f75-f891-4a69-971b-d8ce396b7158}</UniqueIdentifier>
    </Filter>
  </ItemGroup>
  <ItemGroup>
    <ClInclude Include="src\Engine\Graphic\Graphic.hpp">
      <Filter>Engine\Graphic</Filter>
    </ClInclude>
    <ClInclude Include="src\Engine\Graphic\GraphicPipeline.hpp">
      <Filter>Engine\Graphic</Filter>
    </ClInclude>
    <ClInclude Include="src\Engine\System.hpp">
      <Filter>Engine</Filter>
    </ClInclude>
    <ClInclude Include="src\Engine\Application.hpp">
      <Filter>Engine</Filter>
    </ClInclude>
    <ClInclude Include="src\Engine\Graphic\VertexInfo.hpp">
      <Filter>Engine\Graphic</Filter>
    </ClInclude>
    <ClInclude Include="src\Engine\Misc\settings.hpp">
      <Filter>Engine\Misc</Filter>
    </ClInclude>
    <ClInclude Include="src\Engine\Misc\helper.hpp">
      <Filter>Engine\Misc</Filter>
    </ClInclude>
    <ClInclude Include="src\Engine\Level\LevelManager.hpp">
      <Filter>Engine\Level</Filter>
    </ClInclude>
    <ClInclude Include="src\Engine\Level\Level.hpp">
      <Filter>Engine\Level</Filter>
    </ClInclude>
    <ClInclude Include="src\Engine\Level\Object.hpp">
      <Filter>Engine\Level</Filter>
    </ClInclude>
    <ClInclude Include="src\Engine\Level\ObjectManager.hpp">
      <Filter>Engine\Level</Filter>
    </ClInclude>
    <ClInclude Include="src\Engine\Graphic\Renderpass.hpp">
      <Filter>Engine\Graphic</Filter>
    </ClInclude>
    <ClInclude Include="src\Engine\Graphic\DescriptorSet.hpp">
      <Filter>Engine\Graphic</Filter>
    </ClInclude>
    <ClInclude Include="src\Engine\Graphic\Buffer.hpp">
      <Filter>Engine\Graphic</Filter>
    </ClInclude>
    <ClInclude Include="src\Engine\Graphic\Image.hpp">
      <Filter>Engine\Graphic</Filter>
    </ClInclude>
    <ClInclude Include="src\Engine\Input\Input.hpp">
      <Filter>Engine\Input</Filter>
    </ClInclude>
    <ClInclude Include="src\Engine\Graphic\Camera.hpp">
      <Filter>Engine\Graphic</Filter>
    </ClInclude>
    <ClInclude Include="src\Engine\Common\Transform.hpp">
      <Filter>Engine\Common</Filter>
    </ClInclude>
    <ClInclude Include="src\Engine\Graphic\Light.hpp">
      <Filter>Engine\Graphic</Filter>
    </ClInclude>
    <ClInclude Include="src\Engine\Misc\GUIEnum.hpp">
      <Filter>Engine\Misc</Filter>
    </ClInclude>
  </ItemGroup>
</Project>